
Microsoft Visual Studio Solution File, Format Version 12.00
# Visual Studio Version 17
VisualStudioVersion = 17.13.35806.99 d17.13
MinimumVisualStudioVersion = 10.0.40219.1
Project("{8BC9CEB8-8B4A-11D0-8D11-00A0C91BC942}") = "lab_12", "lab_12\lab_12.vcxproj", "{8B4D53C8-77AB-465D-AFFC-94382ABA55BC}"
EndProject
Global
	GlobalSection(SolutionConfigurationPlatforms) = preSolution
		Debug|x64 = Debug|x64
		Debug|x86 = Debug|x86
		Release|x64 = Release|x64
		Release|x86 = Release|x86
	EndGlobalSection
	GlobalSection(ProjectConfigurationPlatforms) = postSolution
		{8B4D53C8-77AB-465D-AFFC-94382ABA55BC}.Debug|x64.ActiveCfg = Debug|x64
		{8B4D53C8-77AB-465D-AFFC-94382ABA55BC}.Debug|x64.Build.0 = Debug|x64
		{8B4D53C8-77AB-465D-AFFC-94382ABA55BC}.Debug|x86.ActiveCfg = Debug|Win32
		{8B4D53C8-77AB-465D-AFFC-94382ABA55BC}.Debug|x86.Build.0 = Debug|Win32
		{8B4D53C8-77AB-465D-AFFC-94382ABA55BC}.Release|x64.ActiveCfg = Release|x64
		{8B4D53C8-77AB-465D-AFFC-94382ABA55BC}.Release|x64.Build.0 = Release|x64
		{8B4D53C8-77AB-465D-AFFC-94382ABA55BC}.Release|x86.ActiveCfg = Release|Win32
		{8B4D53C8-77AB-465D-AFFC-94382ABA55BC}.Release|x86.Build.0 = Release|Win32
	EndGlobalSection
	GlobalSection(SolutionProperties) = preSolution
		HideSolutionNode = FALSE
	EndGlobalSection
	GlobalSection(ExtensibilityGlobals) = postSolution
		SolutionGuid = {0C4790C1-47E6-4E53-B713-D9311DC5965D}
	EndGlobalSection
EndGlobal
